// !$*UTF8*$!
{
	archiveVersion = 1;
	classes = {
	};
	objectVersion = 51;
	objects = {

/* Begin PBXBuildFile section */
		64C80FE314E2E4B484F89523 /* libPods-Quran.a in Frameworks */ = {isa = PBXBuildFile; fileRef = AC816F5F1DDD9FA5805BD807 /* libPods-Quran.a */; };
		BF5793D724379DE2008BA65D /* AppDelegate.swift in Sources */ = {isa = PBXBuildFile; fileRef = BF5793D624379DE2008BA65D /* AppDelegate.swift */; };
		BF5793D924379DE2008BA65D /* SceneDelegate.swift in Sources */ = {isa = PBXBuildFile; fileRef = BF5793D824379DE2008BA65D /* SceneDelegate.swift */; };
		BF5793DB24379DE2008BA65D /* HomeViewController.swift in Sources */ = {isa = PBXBuildFile; fileRef = BF5793DA24379DE2008BA65D /* HomeViewController.swift */; };
		BF5793DE24379DE2008BA65D /* Main.storyboard in Resources */ = {isa = PBXBuildFile; fileRef = BF5793DC24379DE2008BA65D /* Main.storyboard */; };
		BF5793E124379DE2008BA65D /* Quran.xcdatamodeld in Sources */ = {isa = PBXBuildFile; fileRef = BF5793DF24379DE2008BA65D /* Quran.xcdatamodeld */; };
		BF5793E324379DE5008BA65D /* Assets.xcassets in Resources */ = {isa = PBXBuildFile; fileRef = BF5793E224379DE5008BA65D /* Assets.xcassets */; };
		BF5793E624379DE5008BA65D /* LaunchScreen.storyboard in Resources */ = {isa = PBXBuildFile; fileRef = BF5793E424379DE5008BA65D /* LaunchScreen.storyboard */; };
		BF5793F124379DE5008BA65D /* QuranTests.swift in Sources */ = {isa = PBXBuildFile; fileRef = BF5793F024379DE5008BA65D /* QuranTests.swift */; };
		BF5793FC24379DE5008BA65D /* QuranUITests.swift in Sources */ = {isa = PBXBuildFile; fileRef = BF5793FB24379DE5008BA65D /* QuranUITests.swift */; };
		BF57944E2437B77E008BA65D /* MenuTableViewController.swift in Sources */ = {isa = PBXBuildFile; fileRef = BF57944D2437B77E008BA65D /* MenuTableViewController.swift */; };
		BF579456243A444C008BA65D /* Droid.Arabic.Kufi_DownloadSoftware.iR_.ttf in Resources */ = {isa = PBXBuildFile; fileRef = BF579455243A444C008BA65D /* Droid.Arabic.Kufi_DownloadSoftware.iR_.ttf */; };
/* End PBXBuildFile section */

/* Begin PBXContainerItemProxy section */
		BF5793ED24379DE5008BA65D /* PBXContainerItemProxy */ = {
			isa = PBXContainerItemProxy;
			containerPortal = BF5793CB24379DE2008BA65D /* Project object */;
			proxyType = 1;
			remoteGlobalIDString = BF5793D224379DE2008BA65D;
			remoteInfo = Quran;
		};
		BF5793F824379DE5008BA65D /* PBXContainerItemProxy */ = {
			isa = PBXContainerItemProxy;
			containerPortal = BF5793CB24379DE2008BA65D /* Project object */;
			proxyType = 1;
			remoteGlobalIDString = BF5793D224379DE2008BA65D;
			remoteInfo = Quran;
		};
/* End PBXContainerItemProxy section */

/* Begin PBXFileReference section */
		723A5A7EA4796208D9D313BF /* Pods-Quran.release.xcconfig */ = {isa = PBXFileReference; includeInIndex = 1; lastKnownFileType = text.xcconfig; name = "Pods-Quran.release.xcconfig"; path = "Target Support Files/Pods-Quran/Pods-Quran.release.xcconfig"; sourceTree = "<group>"; };
		A7C75EA6846312910AE1A0B5 /* Pods-Quran.debug.xcconfig */ = {isa = PBXFileReference; includeInIndex = 1; lastKnownFileType = text.xcconfig; name = "Pods-Quran.debug.xcconfig"; path = "Target Support Files/Pods-Quran/Pods-Quran.debug.xcconfig"; sourceTree = "<group>"; };
		AC816F5F1DDD9FA5805BD807 /* libPods-Quran.a */ = {isa = PBXFileReference; explicitFileType = archive.ar; includeInIndex = 0; path = "libPods-Quran.a"; sourceTree = BUILT_PRODUCTS_DIR; };
		BF5793D324379DE2008BA65D /* Quran.app */ = {isa = PBXFileReference; explicitFileType = wrapper.application; includeInIndex = 0; path = Quran.app; sourceTree = BUILT_PRODUCTS_DIR; };
		BF5793D624379DE2008BA65D /* AppDelegate.swift */ = {isa = PBXFileReference; lastKnownFileType = sourcecode.swift; path = AppDelegate.swift; sourceTree = "<group>"; };
		BF5793D824379DE2008BA65D /* SceneDelegate.swift */ = {isa = PBXFileReference; lastKnownFileType = sourcecode.swift; path = SceneDelegate.swift; sourceTree = "<group>"; };
		BF5793DA24379DE2008BA65D /* HomeViewController.swift */ = {isa = PBXFileReference; lastKnownFileType = sourcecode.swift; path = HomeViewController.swift; sourceTree = "<group>"; };
		BF5793DD24379DE2008BA65D /* Base */ = {isa = PBXFileReference; lastKnownFileType = file.storyboard; name = Base; path = Base.lproj/Main.storyboard; sourceTree = "<group>"; };
		BF5793E024379DE2008BA65D /* Quran.xcdatamodel */ = {isa = PBXFileReference; lastKnownFileType = wrapper.xcdatamodel; path = Quran.xcdatamodel; sourceTree = "<group>"; };
		BF5793E224379DE5008BA65D /* Assets.xcassets */ = {isa = PBXFileReference; lastKnownFileType = folder.assetcatalog; path = Assets.xcassets; sourceTree = "<group>"; };
		BF5793E524379DE5008BA65D /* Base */ = {isa = PBXFileReference; lastKnownFileType = file.storyboard; name = Base; path = Base.lproj/LaunchScreen.storyboard; sourceTree = "<group>"; };
		BF5793E724379DE5008BA65D /* Info.plist */ = {isa = PBXFileReference; lastKnownFileType = text.plist.xml; path = Info.plist; sourceTree = "<group>"; };
		BF5793EC24379DE5008BA65D /* QuranTests.xctest */ = {isa = PBXFileReference; explicitFileType = wrapper.cfbundle; includeInIndex = 0; path = QuranTests.xctest; sourceTree = BUILT_PRODUCTS_DIR; };
		BF5793F024379DE5008BA65D /* QuranTests.swift */ = {isa = PBXFileReference; lastKnownFileType = sourcecode.swift; path = QuranTests.swift; sourceTree = "<group>"; };
		BF5793F224379DE5008BA65D /* Info.plist */ = {isa = PBXFileReference; lastKnownFileType = text.plist.xml; path = Info.plist; sourceTree = "<group>"; };
		BF5793F724379DE5008BA65D /* QuranUITests.xctest */ = {isa = PBXFileReference; explicitFileType = wrapper.cfbundle; includeInIndex = 0; path = QuranUITests.xctest; sourceTree = BUILT_PRODUCTS_DIR; };
		BF5793FB24379DE5008BA65D /* QuranUITests.swift */ = {isa = PBXFileReference; lastKnownFileType = sourcecode.swift; path = QuranUITests.swift; sourceTree = "<group>"; };
		BF5793FD24379DE5008BA65D /* Info.plist */ = {isa = PBXFileReference; lastKnownFileType = text.plist.xml; path = Info.plist; sourceTree = "<group>"; };
		BF57944D2437B77E008BA65D /* MenuTableViewController.swift */ = {isa = PBXFileReference; lastKnownFileType = sourcecode.swift; path = MenuTableViewController.swift; sourceTree = "<group>"; };
		BF579455243A444C008BA65D /* Droid.Arabic.Kufi_DownloadSoftware.iR_.ttf */ = {isa = PBXFileReference; lastKnownFileType = file; path = Droid.Arabic.Kufi_DownloadSoftware.iR_.ttf; sourceTree = "<group>"; };
/* End PBXFileReference section */

/* Begin PBXFrameworksBuildPhase section */
		BF5793D024379DE2008BA65D /* Frameworks */ = {
			isa = PBXFrameworksBuildPhase;
			buildActionMask = 2147483647;
			files = (
				64C80FE314E2E4B484F89523 /* libPods-Quran.a in Frameworks */,
			);
			runOnlyForDeploymentPostprocessing = 0;
		};
		BF5793E924379DE5008BA65D /* Frameworks */ = {
			isa = PBXFrameworksBuildPhase;
			buildActionMask = 2147483647;
			files = (
			);
			runOnlyForDeploymentPostprocessing = 0;
		};
		BF5793F424379DE5008BA65D /* Frameworks */ = {
			isa = PBXFrameworksBuildPhase;
			buildActionMask = 2147483647;
			files = (
			);
			runOnlyForDeploymentPostprocessing = 0;
		};
/* End PBXFrameworksBuildPhase section */

/* Begin PBXGroup section */
		23820062A52594589BF4B7CE /* Frameworks */ = {
			isa = PBXGroup;
			children = (
				AC816F5F1DDD9FA5805BD807 /* libPods-Quran.a */,
			);
			name = Frameworks;
			sourceTree = "<group>";
		};
		93C3C6DDAB20224A4BD81BC6 /* Pods */ = {
			isa = PBXGroup;
			children = (
				A7C75EA6846312910AE1A0B5 /* Pods-Quran.debug.xcconfig */,
				723A5A7EA4796208D9D313BF /* Pods-Quran.release.xcconfig */,
			);
			path = Pods;
			sourceTree = "<group>";
		};
		BF5793CA24379DE2008BA65D = {
			isa = PBXGroup;
			children = (
				BF5793D524379DE2008BA65D /* Quran */,
				BF5793EF24379DE5008BA65D /* QuranTests */,
				BF5793FA24379DE5008BA65D /* QuranUITests */,
				BF5793D424379DE2008BA65D /* Products */,
				93C3C6DDAB20224A4BD81BC6 /* Pods */,
				23820062A52594589BF4B7CE /* Frameworks */,
			);
			sourceTree = "<group>";
		};
		BF5793D424379DE2008BA65D /* Products */ = {
			isa = PBXGroup;
			children = (
				BF5793D324379DE2008BA65D /* Quran.app */,
				BF5793EC24379DE5008BA65D /* QuranTests.xctest */,
				BF5793F724379DE5008BA65D /* QuranUITests.xctest */,
			);
			name = Products;
			sourceTree = "<group>";
		};
		BF5793D524379DE2008BA65D /* Quran */ = {
			isa = PBXGroup;
			children = (
				BF579454243A444C008BA65D /* fonts */,
				BF5793D624379DE2008BA65D /* AppDelegate.swift */,
				BF5793D824379DE2008BA65D /* SceneDelegate.swift */,
				BF5793DA24379DE2008BA65D /* HomeViewController.swift */,
				BF5793DC24379DE2008BA65D /* Main.storyboard */,
				BF5793E224379DE5008BA65D /* Assets.xcassets */,
				BF5793E424379DE5008BA65D /* LaunchScreen.storyboard */,
				BF5793E724379DE5008BA65D /* Info.plist */,
				BF5793DF24379DE2008BA65D /* Quran.xcdatamodeld */,
				BF57944D2437B77E008BA65D /* MenuTableViewController.swift */,
			);
			path = Quran;
			sourceTree = "<group>";
		};
		BF5793EF24379DE5008BA65D /* QuranTests */ = {
			isa = PBXGroup;
			children = (
				BF5793F024379DE5008BA65D /* QuranTests.swift */,
				BF5793F224379DE5008BA65D /* Info.plist */,
			);
			path = QuranTests;
			sourceTree = "<group>";
		};
		BF5793FA24379DE5008BA65D /* QuranUITests */ = {
			isa = PBXGroup;
			children = (
				BF5793FB24379DE5008BA65D /* QuranUITests.swift */,
				BF5793FD24379DE5008BA65D /* Info.plist */,
			);
			path = QuranUITests;
			sourceTree = "<group>";
		};
		BF579454243A444C008BA65D /* fonts */ = {
			isa = PBXGroup;
			children = (
				BF579455243A444C008BA65D /* Droid.Arabic.Kufi_DownloadSoftware.iR_.ttf */,
			);
			path = fonts;
			sourceTree = "<group>";
		};
/* End PBXGroup section */

/* Begin PBXNativeTarget section */
		BF5793D224379DE2008BA65D /* Quran */ = {
			isa = PBXNativeTarget;
			buildConfigurationList = BF57940024379DE5008BA65D /* Build configuration list for PBXNativeTarget "Quran" */;
			buildPhases = (
				0D4BBA26E3BB20C9E4BA851F /* [CP] Check Pods Manifest.lock */,
				BF5793CF24379DE2008BA65D /* Sources */,
				BF5793D024379DE2008BA65D /* Frameworks */,
				BF5793D124379DE2008BA65D /* Resources */,
				9EBDA35B9314EDA32921F8FA /* [CP] Copy Pods Resources */,
			);
			buildRules = (
			);
			dependencies = (
			);
			name = Quran;
			productName = Quran;
			productReference = BF5793D324379DE2008BA65D /* Quran.app */;
			productType = "com.apple.product-type.application";
		};
		BF5793EB24379DE5008BA65D /* QuranTests */ = {
			isa = PBXNativeTarget;
			buildConfigurationList = BF57940324379DE5008BA65D /* Build configuration list for PBXNativeTarget "QuranTests" */;
			buildPhases = (
				BF5793E824379DE5008BA65D /* Sources */,
				BF5793E924379DE5008BA65D /* Frameworks */,
				BF5793EA24379DE5008BA65D /* Resources */,
			);
			buildRules = (
			);
			dependencies = (
				BF5793EE24379DE5008BA65D /* PBXTargetDependency */,
			);
			name = QuranTests;
			productName = QuranTests;
			productReference = BF5793EC24379DE5008BA65D /* QuranTests.xctest */;
			productType = "com.apple.product-type.bundle.unit-test";
		};
		BF5793F624379DE5008BA65D /* QuranUITests */ = {
			isa = PBXNativeTarget;
			buildConfigurationList = BF57940624379DE5008BA65D /* Build configuration list for PBXNativeTarget "QuranUITests" */;
			buildPhases = (
				BF5793F324379DE5008BA65D /* Sources */,
				BF5793F424379DE5008BA65D /* Frameworks */,
				BF5793F524379DE5008BA65D /* Resources */,
			);
			buildRules = (
			);
			dependencies = (
				BF5793F924379DE5008BA65D /* PBXTargetDependency */,
			);
			name = QuranUITests;
			productName = QuranUITests;
			productReference = BF5793F724379DE5008BA65D /* QuranUITests.xctest */;
			productType = "com.apple.product-type.bundle.ui-testing";
		};
/* End PBXNativeTarget section */

/* Begin PBXProject section */
		BF5793CB24379DE2008BA65D /* Project object */ = {
			isa = PBXProject;
			attributes = {
				LastSwiftUpdateCheck = 1130;
				LastUpgradeCheck = 1130;
				ORGANIZATIONNAME = "Abdulkrum Alatubu";
				TargetAttributes = {
					BF5793D224379DE2008BA65D = {
						CreatedOnToolsVersion = 11.3.1;
					};
					BF5793EB24379DE5008BA65D = {
						CreatedOnToolsVersion = 11.3.1;
						TestTargetID = BF5793D224379DE2008BA65D;
					};
					BF5793F624379DE5008BA65D = {
						CreatedOnToolsVersion = 11.3.1;
						TestTargetID = BF5793D224379DE2008BA65D;
					};
				};
			};
			buildConfigurationList = BF5793CE24379DE2008BA65D /* Build configuration list for PBXProject "Quran" */;
			compatibilityVersion = "Xcode 9.3";
			developmentRegion = en;
			hasScannedForEncodings = 0;
			knownRegions = (
				en,
				Base,
			);
			mainGroup = BF5793CA24379DE2008BA65D;
			productRefGroup = BF5793D424379DE2008BA65D /* Products */;
			projectDirPath = "";
			projectRoot = "";
			targets = (
				BF5793D224379DE2008BA65D /* Quran */,
				BF5793EB24379DE5008BA65D /* QuranTests */,
				BF5793F624379DE5008BA65D /* QuranUITests */,
			);
		};
/* End PBXProject section */

/* Begin PBXResourcesBuildPhase section */
		BF5793D124379DE2008BA65D /* Resources */ = {
			isa = PBXResourcesBuildPhase;
			buildActionMask = 2147483647;
			files = (
				BF5793E624379DE5008BA65D /* LaunchScreen.storyboard in Resources */,
				BF5793E324379DE5008BA65D /* Assets.xcassets in Resources */,
				BF5793DE24379DE2008BA65D /* Main.storyboard in Resources */,
				BF579456243A444C008BA65D /* Droid.Arabic.Kufi_DownloadSoftware.iR_.ttf in Resources */,
			);
			runOnlyForDeploymentPostprocessing = 0;
		};
		BF5793EA24379DE5008BA65D /* Resources */ = {
			isa = PBXResourcesBuildPhase;
			buildActionMask = 2147483647;
			files = (
			);
			runOnlyForDeploymentPostprocessing = 0;
		};
		BF5793F524379DE5008BA65D /* Resources */ = {
			isa = PBXResourcesBuildPhase;
			buildActionMask = 2147483647;
			files = (
			);
			runOnlyForDeploymentPostprocessing = 0;
		};
/* End PBXResourcesBuildPhase section */

/* Begin PBXShellScriptBuildPhase section */
		0D4BBA26E3BB20C9E4BA851F /* [CP] Check Pods Manifest.lock */ = {
			isa = PBXShellScriptBuildPhase;
			buildActionMask = 2147483647;
			files = (
			);
			inputFileListPaths = (
			);
			inputPaths = (
				"${PODS_PODFILE_DIR_PATH}/Podfile.lock",
				"${PODS_ROOT}/Manifest.lock",
			);
			name = "[CP] Check Pods Manifest.lock";
			outputFileListPaths = (
			);
			outputPaths = (
				"$(DERIVED_FILE_DIR)/Pods-Quran-checkManifestLockResult.txt",
			);
			runOnlyForDeploymentPostprocessing = 0;
			shellPath = /bin/sh;
			shellScript = "diff \"${PODS_PODFILE_DIR_PATH}/Podfile.lock\" \"${PODS_ROOT}/Manifest.lock\" > /dev/null\nif [ $? != 0 ] ; then\n    # print error to STDERR\n    echo \"error: The sandbox is not in sync with the Podfile.lock. Run 'pod install' or update your CocoaPods installation.\" >&2\n    exit 1\nfi\n# This output is used by Xcode 'outputs' to avoid re-running this script phase.\necho \"SUCCESS\" > \"${SCRIPT_OUTPUT_FILE_0}\"\n";
			showEnvVarsInLog = 0;
		};
		9EBDA35B9314EDA32921F8FA /* [CP] Copy Pods Resources */ = {
			isa = PBXShellScriptBuildPhase;
			buildActionMask = 2147483647;
			files = (
			);
			inputFileListPaths = (
				"${PODS_ROOT}/Target Support Files/Pods-Quran/Pods-Quran-resources-${CONFIGURATION}-input-files.xcfilelist",
			);
			name = "[CP] Copy Pods Resources";
			outputFileListPaths = (
				"${PODS_ROOT}/Target Support Files/Pods-Quran/Pods-Quran-resources-${CONFIGURATION}-output-files.xcfilelist",
			);
			runOnlyForDeploymentPostprocessing = 0;
			shellPath = /bin/sh;
			shellScript = "\"${PODS_ROOT}/Target Support Files/Pods-Quran/Pods-Quran-resources.sh\"\n";
			showEnvVarsInLog = 0;
		};
/* End PBXShellScriptBuildPhase section */

/* Begin PBXSourcesBuildPhase section */
		BF5793CF24379DE2008BA65D /* Sources */ = {
			isa = PBXSourcesBuildPhase;
			buildActionMask = 2147483647;
			files = (
				BF5793DB24379DE2008BA65D /* HomeViewController.swift in Sources */,
				BF5793E124379DE2008BA65D /* Quran.xcdatamodeld in Sources */,
				BF57944E2437B77E008BA65D /* MenuTableViewController.swift in Sources */,
				BF5793D724379DE2008BA65D /* AppDelegate.swift in Sources */,
				BF5793D924379DE2008BA65D /* SceneDelegate.swift in Sources */,
			);
			runOnlyForDeploymentPostprocessing = 0;
		};
		BF5793E824379DE5008BA65D /* Sources */ = {
			isa = PBXSourcesBuildPhase;
			buildActionMask = 2147483647;
			files = (
				BF5793F124379DE5008BA65D /* QuranTests.swift in Sources */,
			);
			runOnlyForDeploymentPostprocessing = 0;
		};
		BF5793F324379DE5008BA65D /* Sources */ = {
			isa = PBXSourcesBuildPhase;
			buildActionMask = 2147483647;
			files = (
				BF5793FC24379DE5008BA65D /* QuranUITests.swift in Sources */,
			);
			runOnlyForDeploymentPostprocessing = 0;
		};
/* End PBXSourcesBuildPhase section */

/* Begin PBXTargetDependency section */
		BF5793EE24379DE5008BA65D /* PBXTargetDependency */ = {
			isa = PBXTargetDependency;
			target = BF5793D224379DE2008BA65D /* Quran */;
			targetProxy = BF5793ED24379DE5008BA65D /* PBXContainerItemProxy */;
		};
		BF5793F924379DE5008BA65D /* PBXTargetDependency */ = {
			isa = PBXTargetDependency;
			target = BF5793D224379DE2008BA65D /* Quran */;
			targetProxy = BF5793F824379DE5008BA65D /* PBXContainerItemProxy */;
		};
/* End PBXTargetDependency section */

/* Begin PBXVariantGroup section */
		BF5793DC24379DE2008BA65D /* Main.storyboard */ = {
			isa = PBXVariantGroup;
			children = (
				BF5793DD24379DE2008BA65D /* Base */,
			);
			name = Main.storyboard;
			sourceTree = "<group>";
		};
		BF5793E424379DE5008BA65D /* LaunchScreen.storyboard */ = {
			isa = PBXVariantGroup;
			children = (
				BF5793E524379DE5008BA65D /* Base */,
			);
			name = LaunchScreen.storyboard;
			sourceTree = "<group>";
		};
/* End PBXVariantGroup section */

/* Begin XCBuildConfiguration section */
		BF5793FE24379DE5008BA65D /* Debug */ = {
			isa = XCBuildConfiguration;
			buildSettings = {
				ALWAYS_SEARCH_USER_PATHS = NO;
				CLANG_ANALYZER_NONNULL = YES;
				CLANG_ANALYZER_NUMBER_OBJECT_CONVERSION = YES_AGGRESSIVE;
				CLANG_CXX_LANGUAGE_STANDARD = "gnu++14";
				CLANG_CXX_LIBRARY = "libc++";
				CLANG_ENABLE_MODULES = YES;
				CLANG_ENABLE_OBJC_ARC = YES;
				CLANG_ENABLE_OBJC_WEAK = YES;
				CLANG_WARN_BLOCK_CAPTURE_AUTORELEASING = YES;
				CLANG_WARN_BOOL_CONVERSION = YES;
				CLANG_WARN_COMMA = YES;
				CLANG_WARN_CONSTANT_CONVERSION = YES;
				CLANG_WARN_DEPRECATED_OBJC_IMPLEMENTATIONS = YES;
				CLANG_WARN_DIRECT_OBJC_ISA_USAGE = YES_ERROR;
				CLANG_WARN_DOCUMENTATION_COMMENTS = YES;
				CLANG_WARN_EMPTY_BODY = YES;
				CLANG_WARN_ENUM_CONVERSION = YES;
				CLANG_WARN_INFINITE_RECURSION = YES;
				CLANG_WARN_INT_CONVERSION = YES;
				CLANG_WARN_NON_LITERAL_NULL_CONVERSION = YES;
				CLANG_WARN_OBJC_IMPLICIT_RETAIN_SELF = YES;
				CLANG_WARN_OBJC_LITERAL_CONVERSION = YES;
				CLANG_WARN_OBJC_ROOT_CLASS = YES_ERROR;
				CLANG_WARN_RANGE_LOOP_ANALYSIS = YES;
				CLANG_WARN_STRICT_PROTOTYPES = YES;
				CLANG_WARN_SUSPICIOUS_MOVE = YES;
				CLANG_WARN_UNGUARDED_AVAILABILITY = YES_AGGRESSIVE;
				CLANG_WARN_UNREACHABLE_CODE = YES;
				CLANG_WARN__DUPLICATE_METHOD_MATCH = YES;
				COPY_PHASE_STRIP = NO;
				DEBUG_INFORMATION_FORMAT = dwarf;
				ENABLE_STRICT_OBJC_MSGSEND = YES;
				ENABLE_TESTABILITY = YES;
				GCC_C_LANGUAGE_STANDARD = gnu11;
				GCC_DYNAMIC_NO_PIC = NO;
				GCC_NO_COMMON_BLOCKS = YES;
				GCC_OPTIMIZATION_LEVEL = 0;
				GCC_PREPROCESSOR_DEFINITIONS = (
					"DEBUG=1",
					"$(inherited)",
				);
				GCC_WARN_64_TO_32_BIT_CONVERSION = YES;
				GCC_WARN_ABOUT_RETURN_TYPE = YES_ERROR;
				GCC_WARN_UNDECLARED_SELECTOR = YES;
				GCC_WARN_UNINITIALIZED_AUTOS = YES_AGGRESSIVE;
				GCC_WARN_UNUSED_FUNCTION = YES;
				GCC_WARN_UNUSED_VARIABLE = YES;
				IPHONEOS_DEPLOYMENT_TARGET = 12.3;
				MTL_ENABLE_DEBUG_INFO = INCLUDE_SOURCE;
				MTL_FAST_MATH = YES;
				ONLY_ACTIVE_ARCH = YES;
				SDKROOT = iphoneos;
				SWIFT_ACTIVE_COMPILATION_CONDITIONS = DEBUG;
				SWIFT_OPTIMIZATION_LEVEL = "-Onone";
			};
			name = Debug;
		};
		BF5793FF24379DE5008BA65D /* Release */ = {
			isa = XCBuildConfiguration;
			buildSettings = {
				ALWAYS_SEARCH_USER_PATHS = NO;
				CLANG_ANALYZER_NONNULL = YES;
				CLANG_ANALYZER_NUMBER_OBJECT_CONVERSION = YES_AGGRESSIVE;
				CLANG_CXX_LANGUAGE_STANDARD = "gnu++14";
				CLANG_CXX_LIBRARY = "libc++";
				CLANG_ENABLE_MODULES = YES;
				CLANG_ENABLE_OBJC_ARC = YES;
				CLANG_ENABLE_OBJC_WEAK = YES;
				CLANG_WARN_BLOCK_CAPTURE_AUTORELEASING = YES;
				CLANG_WARN_BOOL_CONVERSION = YES;
				CLANG_WARN_COMMA = YES;
				CLANG_WARN_CONSTANT_CONVERSION = YES;
				CLANG_WARN_DEPRECATED_OBJC_IMPLEMENTATIONS = YES;
				CLANG_WARN_DIRECT_OBJC_ISA_USAGE = YES_ERROR;
				CLANG_WARN_DOCUMENTATION_COMMENTS = YES;
				CLANG_WARN_EMPTY_BODY = YES;
				CLANG_WARN_ENUM_CONVERSION = YES;
				CLANG_WARN_INFINITE_RECURSION = YES;
				CLANG_WARN_INT_CONVERSION = YES;
				CLANG_WARN_NON_LITERAL_NULL_CONVERSION = YES;
				CLANG_WARN_OBJC_IMPLICIT_RETAIN_SELF = YES;
				CLANG_WARN_OBJC_LITERAL_CONVERSION = YES;
				CLANG_WARN_OBJC_ROOT_CLASS = YES_ERROR;
				CLANG_WARN_RANGE_LOOP_ANALYSIS = YES;
				CLANG_WARN_STRICT_PROTOTYPES = YES;
				CLANG_WARN_SUSPICIOUS_MOVE = YES;
				CLANG_WARN_UNGUARDED_AVAILABILITY = YES_AGGRESSIVE;
				CLANG_WARN_UNREACHABLE_CODE = YES;
				CLANG_WARN__DUPLICATE_METHOD_MATCH = YES;
				COPY_PHASE_STRIP = NO;
				DEBUG_INFORMATION_FORMAT = "dwarf-with-dsym";
				ENABLE_NS_ASSERTIONS = NO;
				ENABLE_STRICT_OBJC_MSGSEND = YES;
				GCC_C_LANGUAGE_STANDARD = gnu11;
				GCC_NO_COMMON_BLOCKS = YES;
				GCC_WARN_64_TO_32_BIT_CONVERSION = YES;
				GCC_WARN_ABOUT_RETURN_TYPE = YES_ERROR;
				GCC_WARN_UNDECLARED_SELECTOR = YES;
				GCC_WARN_UNINITIALIZED_AUTOS = YES_AGGRESSIVE;
				GCC_WARN_UNUSED_FUNCTION = YES;
				GCC_WARN_UNUSED_VARIABLE = YES;
				IPHONEOS_DEPLOYMENT_TARGET = 12.3;
				MTL_ENABLE_DEBUG_INFO = NO;
				MTL_FAST_MATH = YES;
				SDKROOT = iphoneos;
				SWIFT_COMPILATION_MODE = wholemodule;
				SWIFT_OPTIMIZATION_LEVEL = "-O";
				VALIDATE_PRODUCT = YES;
			};
			name = Release;
		};
		BF57940124379DE5008BA65D /* Debug */ = {
			isa = XCBuildConfiguration;
			baseConfigurationReference = A7C75EA6846312910AE1A0B5 /* Pods-Quran.debug.xcconfig */;
			buildSettings = {
				ASSETCATALOG_COMPILER_APPICON_NAME = AppIcon;
				CODE_SIGN_IDENTITY = "iPhone Developer";
				CODE_SIGN_STYLE = Automatic;
				DEVELOPMENT_TEAM = "";
				INFOPLIST_FILE = Quran/Info.plist;
				LD_RUNPATH_SEARCH_PATHS = (
					"$(inherited)",
					"@executable_path/Frameworks",
				);
				PRODUCT_BUNDLE_IDENTIFIER = com.zero.9.quran;
				PRODUCT_NAME = "$(TARGET_NAME)";
				PROVISIONING_PROFILE_SPECIFIER = "";
				SWIFT_VERSION = 5.0;
				TARGETED_DEVICE_FAMILY = 1;
			};
			name = Debug;
		};
		BF57940224379DE5008BA65D /* Release */ = {
			isa = XCBuildConfiguration;
			baseConfigurationReference = 723A5A7EA4796208D9D313BF /* Pods-Quran.release.xcconfig */;
			buildSettings = {
				ASSETCATALOG_COMPILER_APPICON_NAME = AppIcon;
				CODE_SIGN_IDENTITY = "iPhone Developer";
				CODE_SIGN_STYLE = Automatic;
				DEVELOPMENT_TEAM = "";
				INFOPLIST_FILE = Quran/Info.plist;
				LD_RUNPATH_SEARCH_PATHS = (
					"$(inherited)",
					"@executable_path/Frameworks",
				);
				PRODUCT_BUNDLE_IDENTIFIER = com.zero.9.quran;
				PRODUCT_NAME = "$(TARGET_NAME)";
				PROVISIONING_PROFILE_SPECIFIER = "";
				SWIFT_VERSION = 5.0;
				TARGETED_DEVICE_FAMILY = 1;
			};
			name = Release;
		};
		BF57940424379DE5008BA65D /* Debug */ = {
			isa = XCBuildConfiguration;
			buildSettings = {
				ALWAYS_EMBED_SWIFT_STANDARD_LIBRARIES = YES;
				BUNDLE_LOADER = "$(TEST_HOST)";
				CODE_SIGN_STYLE = Automatic;
				DEVELOPMENT_TEAM = 94YR9P5NL6;
				INFOPLIST_FILE = QuranTests/Info.plist;
				IPHONEOS_DEPLOYMENT_TARGET = 13.2;
				LD_RUNPATH_SEARCH_PATHS = (
					"$(inherited)",
					"@executable_path/Frameworks",
					"@loader_path/Frameworks",
				);
				PRODUCT_BUNDLE_IDENTIFIER = com.zero.9.QuranTests;
				PRODUCT_NAME = "$(TARGET_NAME)";
				SWIFT_VERSION = 5.0;
				TARGETED_DEVICE_FAMILY = "1,2";
				TEST_HOST = "$(BUILT_PRODUCTS_DIR)/Quran.app/Quran";
			};
			name = Debug;
		};
		BF57940524379DE5008BA65D /* Release */ = {
			isa = XCBuildConfiguration;
			buildSettings = {
				ALWAYS_EMBED_SWIFT_STANDARD_LIBRARIES = YES;
				BUNDLE_LOADER = "$(TEST_HOST)";
				CODE_SIGN_STYLE = Automatic;
				DEVELOPMENT_TEAM = 94YR9P5NL6;
				INFOPLIST_FILE = QuranTests/Info.plist;
				IPHONEOS_DEPLOYMENT_TARGET = 13.2;
				LD_RUNPATH_SEARCH_PATHS = (
					"$(inherited)",
					"@executable_path/Frameworks",
					"@loader_path/Frameworks",
				);
				PRODUCT_BUNDLE_IDENTIFIER = com.zero.9.QuranTests;
				PRODUCT_NAME = "$(TARGET_NAME)";
				SWIFT_VERSION = 5.0;
				TARGETED_DEVICE_FAMILY = "1,2";
				TEST_HOST = "$(BUILT_PRODUCTS_DIR)/Quran.app/Quran";
			};
			name = Release;
		};
		BF57940724379DE5008BA65D /* Debug */ = {
			isa = XCBuildConfiguration;
			buildSettings = {
				ALWAYS_EMBED_SWIFT_STANDARD_LIBRARIES = YES;
				CODE_SIGN_STYLE = Automatic;
				DEVELOPMENT_TEAM = 94YR9P5NL6;
				INFOPLIST_FILE = QuranUITests/Info.plist;
				LD_RUNPATH_SEARCH_PATHS = (
					"$(inherited)",
					"@executable_path/Frameworks",
					"@loader_path/Frameworks",
				);
				PRODUCT_BUNDLE_IDENTIFIER = com.zero.9.QuranUITests;
				PRODUCT_NAME = "$(TARGET_NAME)";
				SWIFT_VERSION = 5.0;
				TARGETED_DEVICE_FAMILY = "1,2";
				TEST_TARGET_NAME = Quran;
			};
			name = Debug;
		};
		BF57940824379DE5008BA65D /* Release */ = {
			isa = XCBuildConfiguration;
			buildSettings = {
				ALWAYS_EMBED_SWIFT_STANDARD_LIBRARIES = YES;
				CODE_SIGN_STYLE = Automatic;
				DEVELOPMENT_TEAM = 94YR9P5NL6;
				INFOPLIST_FILE = QuranUITests/Info.plist;
				LD_RUNPATH_SEARCH_PATHS = (
					"$(inherited)",
					"@executable_path/Frameworks",
					"@loader_path/Frameworks",
				);
				PRODUCT_BUNDLE_IDENTIFIER = com.zero.9.QuranUITests;
				PRODUCT_NAME = "$(TARGET_NAME)";
				SWIFT_VERSION = 5.0;
				TARGETED_DEVICE_FAMILY = "1,2";
				TEST_TARGET_NAME = Quran;
			};
			name = Release;
		};
/* End XCBuildConfiguration section */

/* Begin XCConfigurationList section */
		BF5793CE24379DE2008BA65D /* Build configuration list for PBXProject "Quran" */ = {
			isa = XCConfigurationList;
			buildConfigurations = (
				BF5793FE24379DE5008BA65D /* Debug */,
				BF5793FF24379DE5008BA65D /* Release */,
			);
			defaultConfigurationIsVisible = 0;
			defaultConfigurationName = Release;
		};
		BF57940024379DE5008BA65D /* Build configuration list for PBXNativeTarget "Quran" */ = {
			isa = XCConfigurationList;
			buildConfigurations = (
				BF57940124379DE5008BA65D /* Debug */,
				BF57940224379DE5008BA65D /* Release */,
			);
			defaultConfigurationIsVisible = 0;
			defaultConfigurationName = Release;
		};
		BF57940324379DE5008BA65D /* Build configuration list for PBXNativeTarget "QuranTests" */ = {
			isa = XCConfigurationList;
			buildConfigurations = (
				BF57940424379DE5008BA65D /* Debug */,
				BF57940524379DE5008BA65D /* Release */,
			);
			defaultConfigurationIsVisible = 0;
			defaultConfigurationName = Release;
		};
		BF57940624379DE5008BA65D /* Build configuration list for PBXNativeTarget "QuranUITests" */ = {
			isa = XCConfigurationList;
			buildConfigurations = (
				BF57940724379DE5008BA65D /* Debug */,
				BF57940824379DE5008BA65D /* Release */,
			);
			defaultConfigurationIsVisible = 0;
			defaultConfigurationName = Release;
		};
/* End XCConfigurationList section */

/* Begin XCVersionGroup section */
		BF5793DF24379DE2008BA65D /* Quran.xcdatamodeld */ = {
			isa = XCVersionGroup;
			children = (
				BF5793E024379DE2008BA65D /* Quran.xcdatamodel */,
			);
			currentVersion = BF5793E024379DE2008BA65D /* Quran.xcdatamodel */;
			path = Quran.xcdatamodeld;
			sourceTree = "<group>";
			versionGroupType = wrapper.xcdatamodel;
		};
/* End XCVersionGroup section */
	};
	rootObject = BF5793CB24379DE2008BA65D /* Project object */;
}
